
Microsoft Visual Studio Solution File, Format Version 12.00
# Visual Studio Version 16
VisualStudioVersion = 16.0.30517.126
MinimumVisualStudioVersion = 10.0.40219.1
Project("{FAE04EC0-301F-11D3-BF4B-00C04F79EFBC}") = "ProjetoDapper", "ProjetoDapper\ProjetoDapper.csproj", "{C645809C-EDA9-41E7-814F-3AD84E6BAF17}"
EndProject
Global
	GlobalSection(SolutionConfigurationPlatforms) = preSolution
		Debug|Any CPU = Debug|Any CPU
		Release|Any CPU = Release|Any CPU
	EndGlobalSection
	GlobalSection(ProjectConfigurationPlatforms) = postSolution
		{C645809C-EDA9-41E7-814F-3AD84E6BAF17}.Debug|Any CPU.ActiveCfg = Debug|Any CPU
		{C645809C-EDA9-41E7-814F-3AD84E6BAF17}.Debug|Any CPU.Build.0 = Debug|Any CPU
		{C645809C-EDA9-41E7-814F-3AD84E6BAF17}.Release|Any CPU.ActiveCfg = Release|Any CPU
		{C645809C-EDA9-41E7-814F-3AD84E6BAF17}.Release|Any CPU.Build.0 = Release|Any CPU
	EndGlobalSection
	GlobalSection(SolutionProperties) = preSolution
		HideSolutionNode = FALSE
	EndGlobalSection
	GlobalSection(ExtensibilityGlobals) = postSolution
		SolutionGuid = {A8E445F4-45CB-4A39-8C1D-4088901345BF}
	EndGlobalSection
EndGlobal
